
Microsoft Visual Studio Solution File, Format Version 12.00
# Visual Studio Version 17
VisualStudioVersion = 17.6.33829.357
MinimumVisualStudioVersion = 10.0.40219.1
Project("{FAE04EC0-301F-11D3-BF4B-00C04F79EFBC}") = "InvestorsApp", "InvestorsApp\InvestorsApp.csproj", "{BD798C48-BAAE-46B1-9B54-789F6818C7CE}"
EndProject
Global
	GlobalSection(SolutionConfigurationPlatforms) = preSolution
		Debug|Any CPU = Debug|Any CPU
		Release|Any CPU = Release|Any CPU
	EndGlobalSection
	GlobalSection(ProjectConfigurationPlatforms) = postSolution
		{BD798C48-BAAE-46B1-9B54-789F6818C7CE}.Debug|Any CPU.ActiveCfg = Debug|Any CPU
		{BD798C48-BAAE-46B1-9B54-789F6818C7CE}.Debug|Any CPU.Build.0 = Debug|Any CPU
		{BD798C48-BAAE-46B1-9B54-789F6818C7CE}.Release|Any CPU.ActiveCfg = Release|Any CPU
		{BD798C48-BAAE-46B1-9B54-789F6818C7CE}.Release|Any CPU.Build.0 = Release|Any CPU
	EndGlobalSection
	GlobalSection(SolutionProperties) = preSolution
		HideSolutionNode = FALSE
	EndGlobalSection
	GlobalSection(ExtensibilityGlobals) = postSolution
		SolutionGuid = {C11B28B9-ED36-4BAA-8EBE-16E25B7F6D86}
	EndGlobalSection
EndGlobal
